
Microsoft Visual Studio Solution File, Format Version 12.00
# Visual Studio Version 16
VisualStudioVersion = 16.0.31729.503
MinimumVisualStudioVersion = 10.0.40219.1
Project("{FAE04EC0-301F-11D3-BF4B-00C04F79EFBC}") = "Reflection", "Reflection\Reflection.csproj", "{195ED651-0815-4E8E-A8E9-26485C6D9BC8}"
EndProject
Global
	GlobalSection(SolutionConfigurationPlatforms) = preSolution
		Debug|Any CPU = Debug|Any CPU
		Release|Any CPU = Release|Any CPU
	EndGlobalSection
	GlobalSection(ProjectConfigurationPlatforms) = postSolution
		{195ED651-0815-4E8E-A8E9-26485C6D9BC8}.Debug|Any CPU.ActiveCfg = Debug|Any CPU
		{195ED651-0815-4E8E-A8E9-26485C6D9BC8}.Debug|Any CPU.Build.0 = Debug|Any CPU
		{195ED651-0815-4E8E-A8E9-26485C6D9BC8}.Release|Any CPU.ActiveCfg = Release|Any CPU
		{195ED651-0815-4E8E-A8E9-26485C6D9BC8}.Release|Any CPU.Build.0 = Release|Any CPU
	EndGlobalSection
	GlobalSection(SolutionProperties) = preSolution
		HideSolutionNode = FALSE
	EndGlobalSection
	GlobalSection(ExtensibilityGlobals) = postSolution
		SolutionGuid = {B7832CB8-2CDF-4B44-9F4A-FDE9BA960372}
	EndGlobalSection
EndGlobal
